
Microsoft Visual Studio Solution File, Format Version 12.00
# Visual Studio Version 16
VisualStudioVersion = 16.0.29911.84
MinimumVisualStudioVersion = 10.0.40219.1
Project("{FAE04EC0-301F-11D3-BF4B-00C04F79EFBC}") = "Gra2", "Gra2\Gra2.csproj", "{90BFFF5C-9DA7-4CF5-87EF-45A6768F8BAB}"
EndProject
Global
	GlobalSection(SolutionConfigurationPlatforms) = preSolution
		Debug|Any CPU = Debug|Any CPU
		Release|Any CPU = Release|Any CPU
	EndGlobalSection
	GlobalSection(ProjectConfigurationPlatforms) = postSolution
		{90BFFF5C-9DA7-4CF5-87EF-45A6768F8BAB}.Debug|Any CPU.ActiveCfg = Debug|Any CPU
		{90BFFF5C-9DA7-4CF5-87EF-45A6768F8BAB}.Debug|Any CPU.Build.0 = Debug|Any CPU
		{90BFFF5C-9DA7-4CF5-87EF-45A6768F8BAB}.Release|Any CPU.ActiveCfg = Release|Any CPU
		{90BFFF5C-9DA7-4CF5-87EF-45A6768F8BAB}.Release|Any CPU.Build.0 = Release|Any CPU
	EndGlobalSection
	GlobalSection(SolutionProperties) = preSolution
		HideSolutionNode = FALSE
	EndGlobalSection
	GlobalSection(ExtensibilityGlobals) = postSolution
		SolutionGuid = {1D4FA63D-D290-4868-8B97-672F906EBEE6}
	EndGlobalSection
EndGlobal
