
Microsoft Visual Studio Solution File, Format Version 12.00
# Visual Studio Version 16
VisualStudioVersion = 16.0.29911.84
MinimumVisualStudioVersion = 10.0.40219.1
Project("{FAE04EC0-301F-11D3-BF4B-00C04F79EFBC}") = "C7", "C7\C7.csproj", "{0B3C6336-A42A-444E-8F4B-B300B7EA231A}"
EndProject
Global
	GlobalSection(SolutionConfigurationPlatforms) = preSolution
		Debug|Any CPU = Debug|Any CPU
		Release|Any CPU = Release|Any CPU
	EndGlobalSection
	GlobalSection(ProjectConfigurationPlatforms) = postSolution
		{0B3C6336-A42A-444E-8F4B-B300B7EA231A}.Debug|Any CPU.ActiveCfg = Debug|Any CPU
		{0B3C6336-A42A-444E-8F4B-B300B7EA231A}.Debug|Any CPU.Build.0 = Debug|Any CPU
		{0B3C6336-A42A-444E-8F4B-B300B7EA231A}.Release|Any CPU.ActiveCfg = Release|Any CPU
		{0B3C6336-A42A-444E-8F4B-B300B7EA231A}.Release|Any CPU.Build.0 = Release|Any CPU
	EndGlobalSection
	GlobalSection(SolutionProperties) = preSolution
		HideSolutionNode = FALSE
	EndGlobalSection
	GlobalSection(ExtensibilityGlobals) = postSolution
		SolutionGuid = {E885CB78-B5B8-4C0F-87C6-C9453653BE6F}
	EndGlobalSection
EndGlobal
